
Microsoft Visual Studio Solution File, Format Version 12.00
# Visual Studio Version 17
VisualStudioVersion = 17.5.002.0
MinimumVisualStudioVersion = 10.0.40219.1
Project("{9A19103F-16F7-4668-BE54-9A1E7A4F7556}") = "myFirstProject", "myFirstProject.csproj", "{4FA44450-9C3F-42C3-8FA6-49F137A835DA}"
EndProject
Global
	GlobalSection(SolutionConfigurationPlatforms) = preSolution
		Debug|Any CPU = Debug|Any CPU
		Release|Any CPU = Release|Any CPU
	EndGlobalSection
	GlobalSection(ProjectConfigurationPlatforms) = postSolution
		{4FA44450-9C3F-42C3-8FA6-49F137A835DA}.Debug|Any CPU.ActiveCfg = Debug|Any CPU
		{4FA44450-9C3F-42C3-8FA6-49F137A835DA}.Debug|Any CPU.Build.0 = Debug|Any CPU
		{4FA44450-9C3F-42C3-8FA6-49F137A835DA}.Release|Any CPU.ActiveCfg = Release|Any CPU
		{4FA44450-9C3F-42C3-8FA6-49F137A835DA}.Release|Any CPU.Build.0 = Release|Any CPU
	EndGlobalSection
	GlobalSection(SolutionProperties) = preSolution
		HideSolutionNode = FALSE
	EndGlobalSection
	GlobalSection(ExtensibilityGlobals) = postSolution
		SolutionGuid = {DA1FAE17-020B-4FDB-A8E3-991B8BA4F00E}
	EndGlobalSection
EndGlobal
